// !$*UTF8*$!
{
	archiveVersion = 1;
	classes = {
	};
	objectVersion = 52;
	objects = {

/* Begin PBXBuildFile section */
		D04377F026CD2CCE00FA24C6 /* Test.swift in Sources */ = {isa = PBXBuildFile; fileRef = D04377EF26CD2CCE00FA24C6 /* Test.swift */; };
		D04377F426CD46E700FA24C6 /* ApiCall.swift in Sources */ = {isa = PBXBuildFile; fileRef = D04377F326CD46E700FA24C6 /* ApiCall.swift */; };
		D06178A826CCFD9D007D0D82 /* MovieManageApp.swift in Sources */ = {isa = PBXBuildFile; fileRef = D06178A726CCFD9D007D0D82 /* MovieManageApp.swift */; };
		D06178AA26CCFD9D007D0D82 /* ContentView.swift in Sources */ = {isa = PBXBuildFile; fileRef = D06178A926CCFD9D007D0D82 /* ContentView.swift */; };
		D06178AC26CCFD9D007D0D82 /* Assets.xcassets in Resources */ = {isa = PBXBuildFile; fileRef = D06178AB26CCFD9D007D0D82 /* Assets.xcassets */; };
		D06178AF26CCFD9D007D0D82 /* Preview Assets.xcassets in Resources */ = {isa = PBXBuildFile; fileRef = D06178AE26CCFD9D007D0D82 /* Preview Assets.xcassets */; };
		D06178B726CCFEB5007D0D82 /* RatingView.swift in Sources */ = {isa = PBXBuildFile; fileRef = D06178B626CCFEB5007D0D82 /* RatingView.swift */; };
		D06178B926CD1102007D0D82 /* MovieView.swift in Sources */ = {isa = PBXBuildFile; fileRef = D06178B826CD1102007D0D82 /* MovieView.swift */; };
		D06178BB26CD1599007D0D82 /* Movie.swift in Sources */ = {isa = PBXBuildFile; fileRef = D06178BA26CD1599007D0D82 /* Movie.swift */; };
		D06178BE26CD17AA007D0D82 /* Kingfisher in Frameworks */ = {isa = PBXBuildFile; productRef = D06178BD26CD17AA007D0D82 /* Kingfisher */; };
/* End PBXBuildFile section */

/* Begin PBXFileReference section */
		D04377EF26CD2CCE00FA24C6 /* Test.swift */ = {isa = PBXFileReference; lastKnownFileType = sourcecode.swift; path = Test.swift; sourceTree = "<group>"; };
		D04377F326CD46E700FA24C6 /* ApiCall.swift */ = {isa = PBXFileReference; lastKnownFileType = sourcecode.swift; path = ApiCall.swift; sourceTree = "<group>"; };
		D06178A426CCFD9D007D0D82 /* MovieManage.app */ = {isa = PBXFileReference; explicitFileType = wrapper.application; includeInIndex = 0; path = MovieManage.app; sourceTree = BUILT_PRODUCTS_DIR; };
		D06178A726CCFD9D007D0D82 /* MovieManageApp.swift */ = {isa = PBXFileReference; lastKnownFileType = sourcecode.swift; path = MovieManageApp.swift; sourceTree = "<group>"; };
		D06178A926CCFD9D007D0D82 /* ContentView.swift */ = {isa = PBXFileReference; lastKnownFileType = sourcecode.swift; path = ContentView.swift; sourceTree = "<group>"; };
		D06178AB26CCFD9D007D0D82 /* Assets.xcassets */ = {isa = PBXFileReference; lastKnownFileType = folder.assetcatalog; path = Assets.xcassets; sourceTree = "<group>"; };
		D06178AE26CCFD9D007D0D82 /* Preview Assets.xcassets */ = {isa = PBXFileReference; lastKnownFileType = folder.assetcatalog; path = "Preview Assets.xcassets"; sourceTree = "<group>"; };
		D06178B026CCFD9D007D0D82 /* Info.plist */ = {isa = PBXFileReference; lastKnownFileType = text.plist.xml; path = Info.plist; sourceTree = "<group>"; };
		D06178B626CCFEB5007D0D82 /* RatingView.swift */ = {isa = PBXFileReference; lastKnownFileType = sourcecode.swift; path = RatingView.swift; sourceTree = "<group>"; };
		D06178B826CD1102007D0D82 /* MovieView.swift */ = {isa = PBXFileReference; lastKnownFileType = sourcecode.swift; path = MovieView.swift; sourceTree = "<group>"; };
		D06178BA26CD1599007D0D82 /* Movie.swift */ = {isa = PBXFileReference; lastKnownFileType = sourcecode.swift; path = Movie.swift; sourceTree = "<group>"; };
/* End PBXFileReference section */

/* Begin PBXFrameworksBuildPhase section */
		D06178A126CCFD9D007D0D82 /* Frameworks */ = {
			isa = PBXFrameworksBuildPhase;
			buildActionMask = 2147483647;
			files = (
				D06178BE26CD17AA007D0D82 /* Kingfisher in Frameworks */,
			);
			runOnlyForDeploymentPostprocessing = 0;
		};
/* End PBXFrameworksBuildPhase section */

/* Begin PBXGroup section */
		D061789B26CCFD9D007D0D82 = {
			isa = PBXGroup;
			children = (
				D06178A626CCFD9D007D0D82 /* MovieManage */,
				D06178A526CCFD9D007D0D82 /* Products */,
			);
			sourceTree = "<group>";
		};
		D06178A526CCFD9D007D0D82 /* Products */ = {
			isa = PBXGroup;
			children = (
				D06178A426CCFD9D007D0D82 /* MovieManage.app */,
			);
			name = Products;
			sourceTree = "<group>";
		};
		D06178A626CCFD9D007D0D82 /* MovieManage */ = {
			isa = PBXGroup;
			children = (
				D06178A726CCFD9D007D0D82 /* MovieManageApp.swift */,
				D06178A926CCFD9D007D0D82 /* ContentView.swift */,
				D04377F326CD46E700FA24C6 /* ApiCall.swift */,
				D06178B626CCFEB5007D0D82 /* RatingView.swift */,
				D06178B826CD1102007D0D82 /* MovieView.swift */,
				D04377EF26CD2CCE00FA24C6 /* Test.swift */,
				D06178BA26CD1599007D0D82 /* Movie.swift */,
				D06178AB26CCFD9D007D0D82 /* Assets.xcassets */,
				D06178B026CCFD9D007D0D82 /* Info.plist */,
				D06178AD26CCFD9D007D0D82 /* Preview Content */,
			);
			path = MovieManage;
			sourceTree = "<group>";
		};
		D06178AD26CCFD9D007D0D82 /* Preview Content */ = {
			isa = PBXGroup;
			children = (
				D06178AE26CCFD9D007D0D82 /* Preview Assets.xcassets */,
			);
			path = "Preview Content";
			sourceTree = "<group>";
		};
/* End PBXGroup section */

/* Begin PBXNativeTarget section */
		D06178A326CCFD9D007D0D82 /* MovieManage */ = {
			isa = PBXNativeTarget;
			buildConfigurationList = D06178B326CCFD9D007D0D82 /* Build configuration list for PBXNativeTarget "MovieManage" */;
			buildPhases = (
				D06178A026CCFD9D007D0D82 /* Sources */,
				D06178A126CCFD9D007D0D82 /* Frameworks */,
				D06178A226CCFD9D007D0D82 /* Resources */,
			);
			buildRules = (
			);
			dependencies = (
			);
			name = MovieManage;
			packageProductDependencies = (
				D06178BD26CD17AA007D0D82 /* Kingfisher */,
			);
			productName = MovieManage;
			productReference = D06178A426CCFD9D007D0D82 /* MovieManage.app */;
			productType = "com.apple.product-type.application";
		};
/* End PBXNativeTarget section */

/* Begin PBXProject section */
		D061789C26CCFD9D007D0D82 /* Project object */ = {
			isa = PBXProject;
			attributes = {
				LastSwiftUpdateCheck = 1250;
				LastUpgradeCheck = 1250;
				TargetAttributes = {
					D06178A326CCFD9D007D0D82 = {
						CreatedOnToolsVersion = 12.5.1;
					};
				};
			};
			buildConfigurationList = D061789F26CCFD9D007D0D82 /* Build configuration list for PBXProject "MovieManage" */;
			compatibilityVersion = "Xcode 9.3";
			developmentRegion = en;
			hasScannedForEncodings = 0;
			knownRegions = (
				en,
				Base,
			);
			mainGroup = D061789B26CCFD9D007D0D82;
			packageReferences = (
				D06178BC26CD17AA007D0D82 /* XCRemoteSwiftPackageReference "Kingfisher" */,
			);
			productRefGroup = D06178A526CCFD9D007D0D82 /* Products */;
			projectDirPath = "";
			projectRoot = "";
			targets = (
				D06178A326CCFD9D007D0D82 /* MovieManage */,
			);
		};
/* End PBXProject section */

/* Begin PBXResourcesBuildPhase section */
		D06178A226CCFD9D007D0D82 /* Resources */ = {
			isa = PBXResourcesBuildPhase;
			buildActionMask = 2147483647;
			files = (
				D06178AF26CCFD9D007D0D82 /* Preview Assets.xcassets in Resources */,
				D06178AC26CCFD9D007D0D82 /* Assets.xcassets in Resources */,
			);
			runOnlyForDeploymentPostprocessing = 0;
		};
/* End PBXResourcesBuildPhase section */

/* Begin PBXSourcesBuildPhase section */
		D06178A026CCFD9D007D0D82 /* Sources */ = {
			isa = PBXSourcesBuildPhase;
			buildActionMask = 2147483647;
			files = (
				D06178B726CCFEB5007D0D82 /* RatingView.swift in Sources */,
				D06178B926CD1102007D0D82 /* MovieView.swift in Sources */,
				D06178AA26CCFD9D007D0D82 /* ContentView.swift in Sources */,
				D04377F426CD46E700FA24C6 /* ApiCall.swift in Sources */,
				D06178A826CCFD9D007D0D82 /* MovieManageApp.swift in Sources */,
				D06178BB26CD1599007D0D82 /* Movie.swift in Sources */,
				D04377F026CD2CCE00FA24C6 /* Test.swift in Sources */,
			);
			runOnlyForDeploymentPostprocessing = 0;
		};
/* End PBXSourcesBuildPhase section */

/* Begin XCBuildConfiguration section */
		D06178B126CCFD9D007D0D82 /* Debug */ = {
			isa = XCBuildConfiguration;
			buildSettings = {
				ALWAYS_SEARCH_USER_PATHS = NO;
				CLANG_ANALYZER_NONNULL = YES;
				CLANG_ANALYZER_NUMBER_OBJECT_CONVERSION = YES_AGGRESSIVE;
				CLANG_CXX_LANGUAGE_STANDARD = "gnu++14";
				CLANG_CXX_LIBRARY = "libc++";
				CLANG_ENABLE_MODULES = YES;
				CLANG_ENABLE_OBJC_ARC = YES;
				CLANG_ENABLE_OBJC_WEAK = YES;
				CLANG_WARN_BLOCK_CAPTURE_AUTORELEASING = YES;
				CLANG_WARN_BOOL_CONVERSION = YES;
				CLANG_WARN_COMMA = YES;
				CLANG_WARN_CONSTANT_CONVERSION = YES;
				CLANG_WARN_DEPRECATED_OBJC_IMPLEMENTATIONS = YES;
				CLANG_WARN_DIRECT_OBJC_ISA_USAGE = YES_ERROR;
				CLANG_WARN_DOCUMENTATION_COMMENTS = YES;
				CLANG_WARN_EMPTY_BODY = YES;
				CLANG_WARN_ENUM_CONVERSION = YES;
				CLANG_WARN_INFINITE_RECURSION = YES;
				CLANG_WARN_INT_CONVERSION = YES;
				CLANG_WARN_NON_LITERAL_NULL_CONVERSION = YES;
				CLANG_WARN_OBJC_IMPLICIT_RETAIN_SELF = YES;
				CLANG_WARN_OBJC_LITERAL_CONVERSION = YES;
				CLANG_WARN_OBJC_ROOT_CLASS = YES_ERROR;
				CLANG_WARN_QUOTED_INCLUDE_IN_FRAMEWORK_HEADER = YES;
				CLANG_WARN_RANGE_LOOP_ANALYSIS = YES;
				CLANG_WARN_STRICT_PROTOTYPES = YES;
				CLANG_WARN_SUSPICIOUS_MOVE = YES;
				CLANG_WARN_UNGUARDED_AVAILABILITY = YES_AGGRESSIVE;
				CLANG_WARN_UNREACHABLE_CODE = YES;
				CLANG_WARN__DUPLICATE_METHOD_MATCH = YES;
				COPY_PHASE_STRIP = NO;
				DEBUG_INFORMATION_FORMAT = dwarf;
				ENABLE_STRICT_OBJC_MSGSEND = YES;
				ENABLE_TESTABILITY = YES;
				GCC_C_LANGUAGE_STANDARD = gnu11;
				GCC_DYNAMIC_NO_PIC = NO;
				GCC_NO_COMMON_BLOCKS = YES;
				GCC_OPTIMIZATION_LEVEL = 0;
				GCC_PREPROCESSOR_DEFINITIONS = (
					"DEBUG=1",
					"$(inherited)",
				);
				GCC_WARN_64_TO_32_BIT_CONVERSION = YES;
				GCC_WARN_ABOUT_RETURN_TYPE = YES_ERROR;
				GCC_WARN_UNDECLARED_SELECTOR = YES;
				GCC_WARN_UNINITIALIZED_AUTOS = YES_AGGRESSIVE;
				GCC_WARN_UNUSED_FUNCTION = YES;
				GCC_WARN_UNUSED_VARIABLE = YES;
				IPHONEOS_DEPLOYMENT_TARGET = 14.5;
				MTL_ENABLE_DEBUG_INFO = INCLUDE_SOURCE;
				MTL_FAST_MATH = YES;
				ONLY_ACTIVE_ARCH = YES;
				SDKROOT = iphoneos;
				SWIFT_ACTIVE_COMPILATION_CONDITIONS = DEBUG;
				SWIFT_OPTIMIZATION_LEVEL = "-Onone";
			};
			name = Debug;
		};
		D06178B226CCFD9D007D0D82 /* Release */ = {
			isa = XCBuildConfiguration;
			buildSettings = {
				ALWAYS_SEARCH_USER_PATHS = NO;
				CLANG_ANALYZER_NONNULL = YES;
				CLANG_ANALYZER_NUMBER_OBJECT_CONVERSION = YES_AGGRESSIVE;
				CLANG_CXX_LANGUAGE_STANDARD = "gnu++14";
				CLANG_CXX_LIBRARY = "libc++";
				CLANG_ENABLE_MODULES = YES;
				CLANG_ENABLE_OBJC_ARC = YES;
				CLANG_ENABLE_OBJC_WEAK = YES;
				CLANG_WARN_BLOCK_CAPTURE_AUTORELEASING = YES;
				CLANG_WARN_BOOL_CONVERSION = YES;
				CLANG_WARN_COMMA = YES;
				CLANG_WARN_CONSTANT_CONVERSION = YES;
				CLANG_WARN_DEPRECATED_OBJC_IMPLEMENTATIONS = YES;
				CLANG_WARN_DIRECT_OBJC_ISA_USAGE = YES_ERROR;
				CLANG_WARN_DOCUMENTATION_COMMENTS = YES;
				CLANG_WARN_EMPTY_BODY = YES;
				CLANG_WARN_ENUM_CONVERSION = YES;
				CLANG_WARN_INFINITE_RECURSION = YES;
				CLANG_WARN_INT_CONVERSION = YES;
				CLANG_WARN_NON_LITERAL_NULL_CONVERSION = YES;
				CLANG_WARN_OBJC_IMPLICIT_RETAIN_SELF = YES;
				CLANG_WARN_OBJC_LITERAL_CONVERSION = YES;
				CLANG_WARN_OBJC_ROOT_CLASS = YES_ERROR;
				CLANG_WARN_QUOTED_INCLUDE_IN_FRAMEWORK_HEADER = YES;
				CLANG_WARN_RANGE_LOOP_ANALYSIS = YES;
				CLANG_WARN_STRICT_PROTOTYPES = YES;
				CLANG_WARN_SUSPICIOUS_MOVE = YES;
				CLANG_WARN_UNGUARDED_AVAILABILITY = YES_AGGRESSIVE;
				CLANG_WARN_UNREACHABLE_CODE = YES;
				CLANG_WARN__DUPLICATE_METHOD_MATCH = YES;
				COPY_PHASE_STRIP = NO;
				DEBUG_INFORMATION_FORMAT = "dwarf-with-dsym";
				ENABLE_NS_ASSERTIONS = NO;
				ENABLE_STRICT_OBJC_MSGSEND = YES;
				GCC_C_LANGUAGE_STANDARD = gnu11;
				GCC_NO_COMMON_BLOCKS = YES;
				GCC_WARN_64_TO_32_BIT_CONVERSION = YES;
				GCC_WARN_ABOUT_RETURN_TYPE = YES_ERROR;
				GCC_WARN_UNDECLARED_SELECTOR = YES;
				GCC_WARN_UNINITIALIZED_AUTOS = YES_AGGRESSIVE;
				GCC_WARN_UNUSED_FUNCTION = YES;
				GCC_WARN_UNUSED_VARIABLE = YES;
				IPHONEOS_DEPLOYMENT_TARGET = 14.5;
				MTL_ENABLE_DEBUG_INFO = NO;
				MTL_FAST_MATH = YES;
				SDKROOT = iphoneos;
				SWIFT_COMPILATION_MODE = wholemodule;
				SWIFT_OPTIMIZATION_LEVEL = "-O";
				VALIDATE_PRODUCT = YES;
			};
			name = Release;
		};
		D06178B426CCFD9D007D0D82 /* Debug */ = {
			isa = XCBuildConfiguration;
			buildSettings = {
				ASSETCATALOG_COMPILER_APPICON_NAME = AppIcon;
				ASSETCATALOG_COMPILER_GLOBAL_ACCENT_COLOR_NAME = AccentColor;
				CODE_SIGN_STYLE = Automatic;
				DEVELOPMENT_ASSET_PATHS = "\"MovieManage/Preview Content\"";
				ENABLE_PREVIEWS = YES;
				INFOPLIST_FILE = MovieManage/Info.plist;
				IPHONEOS_DEPLOYMENT_TARGET = 14.0;
				LD_RUNPATH_SEARCH_PATHS = (
					"$(inherited)",
					"@executable_path/Frameworks",
				);
				PRODUCT_BUNDLE_IDENTIFIER = com.antoine.MovieManage;
				PRODUCT_NAME = "$(TARGET_NAME)";
				SWIFT_VERSION = 5.0;
				TARGETED_DEVICE_FAMILY = "1,2";
			};
			name = Debug;
		};
		D06178B526CCFD9D007D0D82 /* Release */ = {
			isa = XCBuildConfiguration;
			buildSettings = {
				ASSETCATALOG_COMPILER_APPICON_NAME = AppIcon;
				ASSETCATALOG_COMPILER_GLOBAL_ACCENT_COLOR_NAME = AccentColor;
				CODE_SIGN_STYLE = Automatic;
				DEVELOPMENT_ASSET_PATHS = "\"MovieManage/Preview Content\"";
				ENABLE_PREVIEWS = YES;
				INFOPLIST_FILE = MovieManage/Info.plist;
				IPHONEOS_DEPLOYMENT_TARGET = 14.0;
				LD_RUNPATH_SEARCH_PATHS = (
					"$(inherited)",
					"@executable_path/Frameworks",
				);
				PRODUCT_BUNDLE_IDENTIFIER = com.antoine.MovieManage;
				PRODUCT_NAME = "$(TARGET_NAME)";
				SWIFT_VERSION = 5.0;
				TARGETED_DEVICE_FAMILY = "1,2";
			};
			name = Release;
		};
/* End XCBuildConfiguration section */

/* Begin XCConfigurationList section */
		D061789F26CCFD9D007D0D82 /* Build configuration list for PBXProject "MovieManage" */ = {
			isa = XCConfigurationList;
			buildConfigurations = (
				D06178B126CCFD9D007D0D82 /* Debug */,
				D06178B226CCFD9D007D0D82 /* Release */,
			);
			defaultConfigurationIsVisible = 0;
			defaultConfigurationName = Release;
		};
		D06178B326CCFD9D007D0D82 /* Build configuration list for PBXNativeTarget "MovieManage" */ = {
			isa = XCConfigurationList;
			buildConfigurations = (
				D06178B426CCFD9D007D0D82 /* Debug */,
				D06178B526CCFD9D007D0D82 /* Release */,
			);
			defaultConfigurationIsVisible = 0;
			defaultConfigurationName = Release;
		};
/* End XCConfigurationList section */

/* Begin XCRemoteSwiftPackageReference section */
		D06178BC26CD17AA007D0D82 /* XCRemoteSwiftPackageReference "Kingfisher" */ = {
			isa = XCRemoteSwiftPackageReference;
			repositoryURL = "https://github.com/onevcat/Kingfisher.git";
			requirement = {
				kind = upToNextMajorVersion;
				minimumVersion = 6.3.1;
			};
		};
/* End XCRemoteSwiftPackageReference section */

/* Begin XCSwiftPackageProductDependency section */
		D06178BD26CD17AA007D0D82 /* Kingfisher */ = {
			isa = XCSwiftPackageProductDependency;
			package = D06178BC26CD17AA007D0D82 /* XCRemoteSwiftPackageReference "Kingfisher" */;
			productName = Kingfisher;
		};
/* End XCSwiftPackageProductDependency section */
	};
	rootObject = D061789C26CCFD9D007D0D82 /* Project object */;
}
